
Microsoft Visual Studio Solution File, Format Version 12.00
# Visual Studio Version 17
VisualStudioVersion = 17.8.34112.27
MinimumVisualStudioVersion = 10.0.40219.1
Project("{8BC9CEB8-8B4A-11D0-8D11-00A0C91BC942}") = "Bootloader", "Bootloader\Bootloader.vcxproj", "{93114B72-B03A-45C4-9928-F71537DFCBF1}"
EndProject
Project("{8BC9CEB8-8B4A-11D0-8D11-00A0C91BC942}") = "Kernel", "Kernel\Kernel.vcxproj", "{DACF7E02-B3A0-449F-9CB3-47F52848FF6E}"
EndProject
Project("{8BC9CEB8-8B4A-11D0-8D11-00A0C91BC942}") = "UEFI", "UEFI\UEFI.vcxproj", "{C2E4250F-7A7A-4567-8D76-5F42F610B204}"
EndProject
Project("{9A19103F-16F7-4668-BE54-9A1E7A4F7556}") = "QemuRunner", "QemuManager\QemuRunner.csproj", "{CDBA3677-C914-4279-BD94-5EED34E0102B}"
EndProject
Project("{9A19103F-16F7-4668-BE54-9A1E7A4F7556}") = "ImageBuilder", "ImageBuilder\ImageBuilder.csproj", "{8FB23D48-B6FE-44CE-8314-CF3ADB2E3940}"
EndProject
Project("{8BC9CEB8-8B4A-11D0-8D11-00A0C91BC942}") = "LibCommon", "LibCommon\LibCommon.vcxproj", "{C23C7061-59FE-4DF9-A5D5-113D3DC74B32}"
EndProject
Global
	GlobalSection(SolutionConfigurationPlatforms) = preSolution
		Debug|ARM = Debug|ARM
		Debug|ARM64 = Debug|ARM64
		Debug|x64 = Debug|x64
		Debug|x86 = Debug|x86
		Release|ARM = Release|ARM
		Release|ARM64 = Release|ARM64
		Release|x64 = Release|x64
		Release|x86 = Release|x86
	EndGlobalSection
	GlobalSection(ProjectConfigurationPlatforms) = postSolution
		{93114B72-B03A-45C4-9928-F71537DFCBF1}.Debug|ARM.ActiveCfg = Debug|ARM
		{93114B72-B03A-45C4-9928-F71537DFCBF1}.Debug|ARM.Build.0 = Debug|ARM
		{93114B72-B03A-45C4-9928-F71537DFCBF1}.Debug|ARM64.ActiveCfg = Debug|ARM64
		{93114B72-B03A-45C4-9928-F71537DFCBF1}.Debug|ARM64.Build.0 = Debug|ARM64
		{93114B72-B03A-45C4-9928-F71537DFCBF1}.Debug|x64.ActiveCfg = Debug|x64
		{93114B72-B03A-45C4-9928-F71537DFCBF1}.Debug|x64.Build.0 = Debug|x64
		{93114B72-B03A-45C4-9928-F71537DFCBF1}.Debug|x86.ActiveCfg = Debug|Win32
		{93114B72-B03A-45C4-9928-F71537DFCBF1}.Debug|x86.Build.0 = Debug|Win32
		{93114B72-B03A-45C4-9928-F71537DFCBF1}.Release|ARM.ActiveCfg = Release|ARM
		{93114B72-B03A-45C4-9928-F71537DFCBF1}.Release|ARM.Build.0 = Release|ARM
		{93114B72-B03A-45C4-9928-F71537DFCBF1}.Release|ARM64.ActiveCfg = Release|ARM64
		{93114B72-B03A-45C4-9928-F71537DFCBF1}.Release|ARM64.Build.0 = Release|ARM64
		{93114B72-B03A-45C4-9928-F71537DFCBF1}.Release|x64.ActiveCfg = Release|x64
		{93114B72-B03A-45C4-9928-F71537DFCBF1}.Release|x64.Build.0 = Release|x64
		{93114B72-B03A-45C4-9928-F71537DFCBF1}.Release|x86.ActiveCfg = Release|Win32
		{93114B72-B03A-45C4-9928-F71537DFCBF1}.Release|x86.Build.0 = Release|Win32
		{DACF7E02-B3A0-449F-9CB3-47F52848FF6E}.Debug|ARM.ActiveCfg = Debug|ARM
		{DACF7E02-B3A0-449F-9CB3-47F52848FF6E}.Debug|ARM.Build.0 = Debug|ARM
		{DACF7E02-B3A0-449F-9CB3-47F52848FF6E}.Debug|ARM64.ActiveCfg = Debug|ARM64
		{DACF7E02-B3A0-449F-9CB3-47F52848FF6E}.Debug|ARM64.Build.0 = Debug|ARM64
		{DACF7E02-B3A0-449F-9CB3-47F52848FF6E}.Debug|x64.ActiveCfg = Debug|x64
		{DACF7E02-B3A0-449F-9CB3-47F52848FF6E}.Debug|x64.Build.0 = Debug|x64
		{DACF7E02-B3A0-449F-9CB3-47F52848FF6E}.Debug|x86.ActiveCfg = Debug|Win32
		{DACF7E02-B3A0-449F-9CB3-47F52848FF6E}.Debug|x86.Build.0 = Debug|Win32
		{DACF7E02-B3A0-449F-9CB3-47F52848FF6E}.Release|ARM.ActiveCfg = Release|ARM
		{DACF7E02-B3A0-449F-9CB3-47F52848FF6E}.Release|ARM.Build.0 = Release|ARM
		{DACF7E02-B3A0-449F-9CB3-47F52848FF6E}.Release|ARM64.ActiveCfg = Release|ARM64
		{DACF7E02-B3A0-449F-9CB3-47F52848FF6E}.Release|ARM64.Build.0 = Release|ARM64
		{DACF7E02-B3A0-449F-9CB3-47F52848FF6E}.Release|x64.ActiveCfg = Release|x64
		{DACF7E02-B3A0-449F-9CB3-47F52848FF6E}.Release|x64.Build.0 = Release|x64
		{DACF7E02-B3A0-449F-9CB3-47F52848FF6E}.Release|x86.ActiveCfg = Release|Win32
		{DACF7E02-B3A0-449F-9CB3-47F52848FF6E}.Release|x86.Build.0 = Release|Win32
		{C2E4250F-7A7A-4567-8D76-5F42F610B204}.Debug|ARM.ActiveCfg = Debug|ARM
		{C2E4250F-7A7A-4567-8D76-5F42F610B204}.Debug|ARM.Build.0 = Debug|ARM
		{C2E4250F-7A7A-4567-8D76-5F42F610B204}.Debug|ARM64.ActiveCfg = Debug|ARM64
		{C2E4250F-7A7A-4567-8D76-5F42F610B204}.Debug|ARM64.Build.0 = Debug|ARM64
		{C2E4250F-7A7A-4567-8D76-5F42F610B204}.Debug|x64.ActiveCfg = Debug|x64
		{C2E4250F-7A7A-4567-8D76-5F42F610B204}.Debug|x64.Build.0 = Debug|x64
		{C2E4250F-7A7A-4567-8D76-5F42F610B204}.Debug|x86.ActiveCfg = Debug|Win32
		{C2E4250F-7A7A-4567-8D76-5F42F610B204}.Debug|x86.Build.0 = Debug|Win32
		{C2E4250F-7A7A-4567-8D76-5F42F610B204}.Release|ARM.ActiveCfg = Release|ARM
		{C2E4250F-7A7A-4567-8D76-5F42F610B204}.Release|ARM.Build.0 = Release|ARM
		{C2E4250F-7A7A-4567-8D76-5F42F610B204}.Release|ARM64.ActiveCfg = Release|ARM64
		{C2E4250F-7A7A-4567-8D76-5F42F610B204}.Release|ARM64.Build.0 = Release|ARM64
		{C2E4250F-7A7A-4567-8D76-5F42F610B204}.Release|x64.ActiveCfg = Release|x64
		{C2E4250F-7A7A-4567-8D76-5F42F610B204}.Release|x64.Build.0 = Release|x64
		{C2E4250F-7A7A-4567-8D76-5F42F610B204}.Release|x86.ActiveCfg = Release|Win32
		{C2E4250F-7A7A-4567-8D76-5F42F610B204}.Release|x86.Build.0 = Release|Win32
		{CDBA3677-C914-4279-BD94-5EED34E0102B}.Debug|ARM.ActiveCfg = Debug|ARM
		{CDBA3677-C914-4279-BD94-5EED34E0102B}.Debug|ARM64.ActiveCfg = Debug|ARM64
		{CDBA3677-C914-4279-BD94-5EED34E0102B}.Debug|ARM64.Build.0 = Debug|ARM64
		{CDBA3677-C914-4279-BD94-5EED34E0102B}.Debug|x64.ActiveCfg = Debug|x64
		{CDBA3677-C914-4279-BD94-5EED34E0102B}.Debug|x64.Build.0 = Debug|x64
		{CDBA3677-C914-4279-BD94-5EED34E0102B}.Debug|x86.ActiveCfg = Debug|x86
		{CDBA3677-C914-4279-BD94-5EED34E0102B}.Debug|x86.Build.0 = Debug|x86
		{CDBA3677-C914-4279-BD94-5EED34E0102B}.Release|ARM.ActiveCfg = Release|ARM
		{CDBA3677-C914-4279-BD94-5EED34E0102B}.Release|ARM64.ActiveCfg = Release|ARM64
		{CDBA3677-C914-4279-BD94-5EED34E0102B}.Release|ARM64.Build.0 = Release|ARM64
		{CDBA3677-C914-4279-BD94-5EED34E0102B}.Release|x64.ActiveCfg = Release|x64
		{CDBA3677-C914-4279-BD94-5EED34E0102B}.Release|x64.Build.0 = Release|x64
		{CDBA3677-C914-4279-BD94-5EED34E0102B}.Release|x86.ActiveCfg = Release|x86
		{CDBA3677-C914-4279-BD94-5EED34E0102B}.Release|x86.Build.0 = Release|x86
		{8FB23D48-B6FE-44CE-8314-CF3ADB2E3940}.Debug|ARM.ActiveCfg = Debug|ARM
		{8FB23D48-B6FE-44CE-8314-CF3ADB2E3940}.Debug|ARM64.ActiveCfg = Debug|ARM64
		{8FB23D48-B6FE-44CE-8314-CF3ADB2E3940}.Debug|ARM64.Build.0 = Debug|ARM64
		{8FB23D48-B6FE-44CE-8314-CF3ADB2E3940}.Debug|x64.ActiveCfg = Debug|x64
		{8FB23D48-B6FE-44CE-8314-CF3ADB2E3940}.Debug|x64.Build.0 = Debug|x64
		{8FB23D48-B6FE-44CE-8314-CF3ADB2E3940}.Debug|x86.ActiveCfg = Debug|Any CPU
		{8FB23D48-B6FE-44CE-8314-CF3ADB2E3940}.Debug|x86.Build.0 = Debug|Any CPU
		{8FB23D48-B6FE-44CE-8314-CF3ADB2E3940}.Release|ARM.ActiveCfg = Release|ARM
		{8FB23D48-B6FE-44CE-8314-CF3ADB2E3940}.Release|ARM64.ActiveCfg = Release|ARM64
		{8FB23D48-B6FE-44CE-8314-CF3ADB2E3940}.Release|ARM64.Build.0 = Release|ARM64
		{8FB23D48-B6FE-44CE-8314-CF3ADB2E3940}.Release|x64.ActiveCfg = Release|x64
		{8FB23D48-B6FE-44CE-8314-CF3ADB2E3940}.Release|x64.Build.0 = Release|x64
		{8FB23D48-B6FE-44CE-8314-CF3ADB2E3940}.Release|x86.ActiveCfg = Release|Any CPU
		{8FB23D48-B6FE-44CE-8314-CF3ADB2E3940}.Release|x86.Build.0 = Release|Any CPU
		{C23C7061-59FE-4DF9-A5D5-113D3DC74B32}.Debug|ARM.ActiveCfg = Debug|ARM
		{C23C7061-59FE-4DF9-A5D5-113D3DC74B32}.Debug|ARM.Build.0 = Debug|ARM
		{C23C7061-59FE-4DF9-A5D5-113D3DC74B32}.Debug|ARM64.ActiveCfg = Debug|ARM64
		{C23C7061-59FE-4DF9-A5D5-113D3DC74B32}.Debug|ARM64.Build.0 = Debug|ARM64
		{C23C7061-59FE-4DF9-A5D5-113D3DC74B32}.Debug|x64.ActiveCfg = Debug|x64
		{C23C7061-59FE-4DF9-A5D5-113D3DC74B32}.Debug|x64.Build.0 = Debug|x64
		{C23C7061-59FE-4DF9-A5D5-113D3DC74B32}.Debug|x86.ActiveCfg = Debug|Win32
		{C23C7061-59FE-4DF9-A5D5-113D3DC74B32}.Debug|x86.Build.0 = Debug|Win32
		{C23C7061-59FE-4DF9-A5D5-113D3DC74B32}.Release|ARM.ActiveCfg = Release|ARM
		{C23C7061-59FE-4DF9-A5D5-113D3DC74B32}.Release|ARM.Build.0 = Release|ARM
		{C23C7061-59FE-4DF9-A5D5-113D3DC74B32}.Release|ARM64.ActiveCfg = Release|ARM64
		{C23C7061-59FE-4DF9-A5D5-113D3DC74B32}.Release|ARM64.Build.0 = Release|ARM64
		{C23C7061-59FE-4DF9-A5D5-113D3DC74B32}.Release|x64.ActiveCfg = Release|x64
		{C23C7061-59FE-4DF9-A5D5-113D3DC74B32}.Release|x64.Build.0 = Release|x64
		{C23C7061-59FE-4DF9-A5D5-113D3DC74B32}.Release|x86.ActiveCfg = Release|Win32
		{C23C7061-59FE-4DF9-A5D5-113D3DC74B32}.Release|x86.Build.0 = Release|Win32
	EndGlobalSection
	GlobalSection(SolutionProperties) = preSolution
		HideSolutionNode = FALSE
	EndGlobalSection
	GlobalSection(ExtensibilityGlobals) = postSolution
		SolutionGuid = {9B4802ED-BBE8-495E-8800-7931B4586E1A}
	EndGlobalSection
EndGlobal
