<?xml version="1.0" encoding="utf-8"?>
<Project ToolsVersion="4.0" xmlns="http://schemas.microsoft.com/developer/msbuild/2003">
  <ItemGroup>
    <Filter Include="Source Files">
      <UniqueIdentifier>{4FC737F1-C7A5-4376-A066-2A32D752A2FF}</UniqueIdentifier>
      <Extensions>cpp;c;cc;cxx;c++;cppm;ixx;def;odl;idl;hpj;bat;asm;asmx</Extensions>
    </Filter>
    <Filter Include="Header Files">
      <UniqueIdentifier>{93995380-89BD-4b04-88EB-625FBE52EBFB}</UniqueIdentifier>
      <Extensions>h;hh;hpp;hxx;h++;hm;inl;inc;ipp;xsd</Extensions>
    </Filter>
    <Filter Include="Resource Files">
      <UniqueIdentifier>{67DA6AB6-F800-4c08-8B7A-83BB121AAD01}</UniqueIdentifier>
      <Extensions>rc;ico;cur;bmp;dlg;rc2;rct;bin;rgs;gif;jpg;jpeg;jpe;resx;tiff;tif;png;wav;mfcribbon-ms</Extensions>
    </Filter>
  </ItemGroup>
  <ItemGroup>
    <ClInclude Include="TypeDefs.h">
      <Filter>Header Files</Filter>
    </ClInclude>
    <ClInclude Include="Graphics\Colour.h">
      <Filter>Header Files</Filter>
    </ClInclude>
    <ClInclude Include="Graphics\GraphicsContext.h">
      <Filter>Header Files</Filter>
    </ClInclude>
    <ClInclude Include="System\Console.h">
      <Filter>Header Files</Filter>
    </ClInclude>
    <ClInclude Include="Enviroment\Unicode.h">
      <Filter>Header Files</Filter>
    </ClInclude>
    <ClInclude Include="FileSystem\ESP\FileSystemContext.h">
      <Filter>Header Files</Filter>
    </ClInclude>
    <ClInclude Include="Graphics\Font\Font.h">
      <Filter>Header Files</Filter>
    </ClInclude>
    <ClInclude Include="Numerics\Math.h">
      <Filter>Header Files</Filter>
    </ClInclude>
    <ClInclude Include="FileSystem\ESP\FileHandle.h">
      <Filter>Header Files</Filter>
    </ClInclude>
    <ClInclude Include="FileSystem\ESP\VolumeHandle.h">
      <Filter>Header Files</Filter>
    </ClInclude>
    <ClInclude Include="FileSystem\ESP\FileMode.h">
      <Filter>Header Files</Filter>
    </ClInclude>
    <ClInclude Include="FileSystem\ESP\FileAttribute.h">
      <Filter>Header Files</Filter>
    </ClInclude>
    <ClInclude Include="FileSystem\ESP\FileStatus.h">
      <Filter>Header Files</Filter>
    </ClInclude>
    <ClInclude Include="System\BitMathCompat.h">
      <Filter>Header Files</Filter>
    </ClInclude>
    <ClInclude Include="Enviroment\StringCulture.h">
      <Filter>Header Files</Filter>
    </ClInclude>
    <ClInclude Include="Enviroment\StringComparisonMode.h">
      <Filter>Header Files</Filter>
    </ClInclude>
    <ClInclude Include="System\Allocator.h">
      <Filter>Header Files</Filter>
    </ClInclude>
    <ClInclude Include="System\AllocatorStatus.h">
      <Filter>Header Files</Filter>
    </ClInclude>
    <ClInclude Include="System\MemFuncs.h">
      <Filter>Header Files</Filter>
    </ClInclude>
    <ClInclude Include="FileTypes\PE\MSDos.h">
      <Filter>Header Files</Filter>
    </ClInclude>
    <ClInclude Include="FileTypes\PE\PE32Header.h">
      <Filter>Header Files</Filter>
    </ClInclude>
    <ClInclude Include="FileTypes\PE\PE32OptionHeader32.h">
      <Filter>Header Files</Filter>
    </ClInclude>
    <ClInclude Include="FileTypes\PE\PE32OptionHeader64.h">
      <Filter>Header Files</Filter>
    </ClInclude>
    <ClInclude Include="FileTypes\PE\PE32DLLCharacteristics.h">
      <Filter>Header Files</Filter>
    </ClInclude>
    <ClInclude Include="FileTypes\PE\PE32OptionHeader.h">
      <Filter>Header Files</Filter>
    </ClInclude>
    <ClInclude Include="FileTypes\PE\PE32DataDirectory.h">
      <Filter>Header Files</Filter>
    </ClInclude>
    <ClInclude Include="FileTypes\PE\PE32.h">
      <Filter>Header Files</Filter>
    </ClInclude>
    <ClInclude Include="FileTypes\PE\PE32SectionHeader.h">
      <Filter>Header Files</Filter>
    </ClInclude>
    <ClInclude Include="Graphics\MonitorContext.h">
      <Filter>Header Files</Filter>
    </ClInclude>
    <ClInclude Include="Graphics\MonitorMode.h">
      <Filter>Header Files</Filter>
    </ClInclude>
    <ClInclude Include="Graphics\RenderContext.h">
      <Filter>Header Files</Filter>
    </ClInclude>
    <ClInclude Include="Graphics\Pixel.h">
      <Filter>Header Files</Filter>
    </ClInclude>
    <ClInclude Include="Graphics\PixelBitMask.h">
      <Filter>Header Files</Filter>
    </ClInclude>
    <ClInclude Include="Graphics\PixelFormat.h">
      <Filter>Header Files</Filter>
    </ClInclude>
    <ClInclude Include="FileTypes\ELF\ELF64.h">
      <Filter>Header Files</Filter>
    </ClInclude>
    <ClInclude Include="FileTypes\ELF\ELF32.h">
      <Filter>Header Files</Filter>
    </ClInclude>
    <ClInclude Include="FileTypes\ELF\ELFCommon.h">
      <Filter>Header Files</Filter>
    </ClInclude>
    <ClInclude Include="FileTypes\ELF\ELF.h">
      <Filter>Header Files</Filter>
    </ClInclude>
    <ClInclude Include="FileTypes\PCSF\PCSF1.h">
      <Filter>Header Files</Filter>
    </ClInclude>
    <ClInclude Include="FileTypes\PCSF\PCSF2.h">
      <Filter>Header Files</Filter>
    </ClInclude>
    <ClInclude Include="Numerics\NumberBase.h">
      <Filter>Header Files</Filter>
    </ClInclude>
    <ClInclude Include="System\IConsole.h">
      <Filter>Header Files</Filter>
    </ClInclude>
    <ClInclude Include="Numerics\Vectors.h">
      <Filter>Header Files</Filter>
    </ClInclude>
    <ClInclude Include="Debugging\IDebugger.h">
      <Filter>Header Files</Filter>
    </ClInclude>
    <ClInclude Include="Debugging\EFI\EFIDebugger.h">
      <Filter>Header Files</Filter>
    </ClInclude>
  </ItemGroup>
  <ItemGroup>
    <ClCompile Include="TypeDefs.cpp">
      <Filter>Source Files</Filter>
    </ClCompile>
    <ClCompile Include="Graphics\GraphicsContext.cpp">
      <Filter>Source Files</Filter>
    </ClCompile>
    <ClCompile Include="System\Console.cpp">
      <Filter>Source Files</Filter>
    </ClCompile>
    <ClCompile Include="Enviroment\Unicode.cpp">
      <Filter>Source Files</Filter>
    </ClCompile>
    <ClCompile Include="FileSystem\ESP\FileSystemContext.cpp">
      <Filter>Source Files</Filter>
    </ClCompile>
    <ClCompile Include="FileSystem\ESP\FileInfo.h">
      <Filter>Source Files</Filter>
    </ClCompile>
    <ClCompile Include="FileSystem\ESP\VolumeInfo.h">
      <Filter>Source Files</Filter>
    </ClCompile>
    <ClCompile Include="FileSystem\ESP\VolumeInfo.cpp">
      <Filter>Source Files</Filter>
    </ClCompile>
    <ClCompile Include="FileSystem\ESP\FileInfo.cpp">
      <Filter>Source Files</Filter>
    </ClCompile>
    <ClCompile Include="FileSystem\ESP\FileHandle.cpp">
      <Filter>Source Files</Filter>
    </ClCompile>
    <ClCompile Include="FileSystem\ESP\VolumeHandle.cpp">
      <Filter>Source Files</Filter>
    </ClCompile>
    <ClCompile Include="System\Allocator.cpp">
      <Filter>Source Files</Filter>
    </ClCompile>
    <ClCompile Include="System\MemFuncs.cpp">
      <Filter>Source Files</Filter>
    </ClCompile>
    <ClCompile Include="FileTypes\PE\MSDos.cpp">
      <Filter>Source Files</Filter>
    </ClCompile>
    <ClCompile Include="FileTypes\PE\PE32Header.cpp">
      <Filter>Source Files</Filter>
    </ClCompile>
    <ClCompile Include="FileTypes\PE\PE32OptionHeader32.cpp">
      <Filter>Source Files</Filter>
    </ClCompile>
    <ClCompile Include="FileTypes\PE\PE32OptionHeader64.cpp">
      <Filter>Source Files</Filter>
    </ClCompile>
    <ClCompile Include="FileTypes\PE\PE32OptionHeader.cpp">
      <Filter>Source Files</Filter>
    </ClCompile>
    <ClCompile Include="FileTypes\PE\PE32.cpp">
      <Filter>Source Files</Filter>
    </ClCompile>
    <ClCompile Include="FileTypes\PE\PE32SectionHeader.cpp">
      <Filter>Source Files</Filter>
    </ClCompile>
    <ClCompile Include="Graphics\MonitorContext.cpp">
      <Filter>Source Files</Filter>
    </ClCompile>
    <ClCompile Include="Graphics\RenderContext.cpp">
      <Filter>Source Files</Filter>
    </ClCompile>
    <ClCompile Include="Graphics\MonitorMode.cpp">
      <Filter>Source Files</Filter>
    </ClCompile>
    <ClCompile Include="FileTypes\PE\PE32DataDirectory.cpp">
      <Filter>Source Files</Filter>
    </ClCompile>
    <ClCompile Include="FileTypes\ELF\ELF.cpp">
      <Filter>Source Files</Filter>
    </ClCompile>
    <ClCompile Include="FileTypes\ELF\ELF32.cpp">
      <Filter>Source Files</Filter>
    </ClCompile>
    <ClCompile Include="FileTypes\ELF\ELF64.cpp">
      <Filter>Source Files</Filter>
    </ClCompile>
    <ClCompile Include="FileTypes\PCSF\PCSF1.cpp">
      <Filter>Source Files</Filter>
    </ClCompile>
    <ClCompile Include="FileTypes\PCSF\PCSF2.cpp">
      <Filter>Source Files</Filter>
    </ClCompile>
    <ClCompile Include="Graphics\Pixel.cpp">
      <Filter>Source Files</Filter>
    </ClCompile>
    <ClCompile Include="Debugging\EFI\EFIDebugger.cpp">
      <Filter>Source Files</Filter>
    </ClCompile>
  </ItemGroup>
  <ItemGroup>
    <CopyFileToFolders Include="Assets\Fonts\ZapV24\COPYING" />
    <CopyFileToFolders Include="Assets\Fonts\ZapV24\Makefile" />
    <CopyFileToFolders Include="Assets\Fonts\ZapV24\NEWS" />
    <CopyFileToFolders Include="Assets\Fonts\ZapV24\README" />
    <CopyFileToFolders Include="Assets\Fonts\ZapV24\sha1sum" />
    <CopyFileToFolders Include="Assets\Fonts\ZapV24\zap-ext-light16.psf" />
    <CopyFileToFolders Include="Assets\Fonts\ZapV24\zap-ext-light16.psftx" />
    <CopyFileToFolders Include="Assets\Fonts\ZapV24\zap-ext-light18.psf" />
    <CopyFileToFolders Include="Assets\Fonts\ZapV24\zap-ext-light18.psftx" />
    <CopyFileToFolders Include="Assets\Fonts\ZapV24\zap-ext-light20.psf" />
    <CopyFileToFolders Include="Assets\Fonts\ZapV24\zap-ext-light20.psftx" />
    <CopyFileToFolders Include="Assets\Fonts\ZapV24\zap-ext-light24.psf" />
    <CopyFileToFolders Include="Assets\Fonts\ZapV24\zap-ext-light24.psftx" />
    <CopyFileToFolders Include="Assets\Fonts\ZapV24\zap-ext-light32.psf" />
    <CopyFileToFolders Include="Assets\Fonts\ZapV24\zap-ext-light32.psftx" />
    <CopyFileToFolders Include="Assets\Fonts\ZapV24\zap-ext-vga09.psf" />
    <CopyFileToFolders Include="Assets\Fonts\ZapV24\zap-ext-vga09.psftx" />
    <CopyFileToFolders Include="Assets\Fonts\ZapV24\zap-ext-vga16.psf" />
    <CopyFileToFolders Include="Assets\Fonts\ZapV24\zap-ext-vga16.psftx" />
    <CopyFileToFolders Include="Assets\Fonts\ZapV24\zap-ext-vga32.psf" />
    <CopyFileToFolders Include="Assets\Fonts\ZapV24\zap-ext-vga32.psftx" />
    <CopyFileToFolders Include="Assets\Fonts\ZapV24\zap-light16.psf" />
    <CopyFileToFolders Include="Assets\Fonts\ZapV24\zap-light16.psftx" />
    <CopyFileToFolders Include="Assets\Fonts\ZapV24\zap-light18.psf" />
    <CopyFileToFolders Include="Assets\Fonts\ZapV24\zap-light18.psftx" />
    <CopyFileToFolders Include="Assets\Fonts\ZapV24\zap-light20.psf" />
    <CopyFileToFolders Include="Assets\Fonts\ZapV24\zap-light20.psftx" />
    <CopyFileToFolders Include="Assets\Fonts\ZapV24\zap-light24.psf" />
    <CopyFileToFolders Include="Assets\Fonts\ZapV24\zap-light24.psftx" />
    <CopyFileToFolders Include="Assets\Fonts\ZapV24\zap-light32.psf" />
    <CopyFileToFolders Include="Assets\Fonts\ZapV24\zap-light32.psftx" />
    <CopyFileToFolders Include="Assets\Fonts\ZapV24\zap-vga09.psf" />
    <CopyFileToFolders Include="Assets\Fonts\ZapV24\zap-vga09.psftx" />
    <CopyFileToFolders Include="Assets\Fonts\ZapV24\zap-vga16.psf" />
    <CopyFileToFolders Include="Assets\Fonts\ZapV24\zap-vga16.psftx" />
    <CopyFileToFolders Include="Assets\Fonts\ZapV24\zap-vga32.psf" />
    <CopyFileToFolders Include="Assets\Fonts\ZapV24\zap-vga32.psftx" />
    <CopyFileToFolders Include="Assets\Fonts\ZapV24\utils\.git" />
    <CopyFileToFolders Include="Assets\Fonts\ZapV24\utils\.gitignore" />
    <CopyFileToFolders Include="Assets\Fonts\ZapV24\utils\COPYING" />
    <CopyFileToFolders Include="Assets\Fonts\ZapV24\utils\freebsdvfnt2psftx" />
    <CopyFileToFolders Include="Assets\Fonts\ZapV24\utils\freebsdvfntio.py" />
    <CopyFileToFolders Include="Assets\Fonts\ZapV24\utils\psf2psftx" />
    <CopyFileToFolders Include="Assets\Fonts\ZapV24\utils\psffont.py" />
    <CopyFileToFolders Include="Assets\Fonts\ZapV24\utils\psfio.py" />
    <CopyFileToFolders Include="Assets\Fonts\ZapV24\utils\psftx2freebsdvfnt" />
    <CopyFileToFolders Include="Assets\Fonts\ZapV24\utils\psftx2psf" />
    <CopyFileToFolders Include="Assets\Fonts\ZapV24\utils\psftx-codechart" />
    <CopyFileToFolders Include="Assets\Fonts\ZapV24\utils\psftx-encodings" />
    <CopyFileToFolders Include="Assets\Fonts\ZapV24\utils\psftxio.py" />
    <CopyFileToFolders Include="Assets\Fonts\ZapV24\utils\psftx-sampler" />
    <CopyFileToFolders Include="Assets\Fonts\ZapV24\utils\psftx-screenshot" />
    <CopyFileToFolders Include="Assets\Fonts\ZapV24\utils\psftx-template" />
    <CopyFileToFolders Include="Assets\Fonts\ZapV24\utils\rawfnt2psftx" />
    <CopyFileToFolders Include="Assets\Fonts\ZapV24\utils\rawfntio.py" />
    <CopyFileToFolders Include="Assets\Fonts\ZapV24\utils\README" />
    <CopyFileToFolders Include="Assets\Fonts\ZapV24\utils\unicustom.py" />
  </ItemGroup>
</Project>